
Microsoft Visual Studio Solution File, Format Version 12.00
# Visual Studio Version 17
VisualStudioVersion = 17.14.36705.20 d17.14
MinimumVisualStudioVersion = 10.0.40219.1
Project("{FAE04EC0-301F-11D3-BF4B-00C04F79EFBC}") = "P5_4_714240024", "P5_4_714240024.csproj", "{BE61E30C-CF1E-4045-9053-E2B76AEEAAE9}"
EndProject
Global
	GlobalSection(SolutionConfigurationPlatforms) = preSolution
		Debug|Any CPU = Debug|Any CPU
		Release|Any CPU = Release|Any CPU
	EndGlobalSection
	GlobalSection(ProjectConfigurationPlatforms) = postSolution
		{BE61E30C-CF1E-4045-9053-E2B76AEEAAE9}.Debug|Any CPU.ActiveCfg = Debug|Any CPU
		{BE61E30C-CF1E-4045-9053-E2B76AEEAAE9}.Debug|Any CPU.Build.0 = Debug|Any CPU
		{BE61E30C-CF1E-4045-9053-E2B76AEEAAE9}.Release|Any CPU.ActiveCfg = Release|Any CPU
		{BE61E30C-CF1E-4045-9053-E2B76AEEAAE9}.Release|Any CPU.Build.0 = Release|Any CPU
	EndGlobalSection
	GlobalSection(SolutionProperties) = preSolution
		HideSolutionNode = FALSE
	EndGlobalSection
	GlobalSection(ExtensibilityGlobals) = postSolution
		SolutionGuid = {18C57179-21C8-4422-BCDA-EF134ED67694}
	EndGlobalSection
EndGlobal
