
Microsoft Visual Studio Solution File, Format Version 12.00
# Visual Studio Version 17
VisualStudioVersion = 17.14.36603.0 d17.14
MinimumVisualStudioVersion = 10.0.40219.1
Project("{FAE04EC0-301F-11D3-BF4B-00C04F79EFBC}") = "P3_1_714240024", "P3_1_714240024.csproj", "{58DB29FB-9903-4C3A-ADA5-B6D8C77098BA}"
EndProject
Global
	GlobalSection(SolutionConfigurationPlatforms) = preSolution
		Debug|Any CPU = Debug|Any CPU
		Release|Any CPU = Release|Any CPU
	EndGlobalSection
	GlobalSection(ProjectConfigurationPlatforms) = postSolution
		{58DB29FB-9903-4C3A-ADA5-B6D8C77098BA}.Debug|Any CPU.ActiveCfg = Debug|Any CPU
		{58DB29FB-9903-4C3A-ADA5-B6D8C77098BA}.Debug|Any CPU.Build.0 = Debug|Any CPU
		{58DB29FB-9903-4C3A-ADA5-B6D8C77098BA}.Release|Any CPU.ActiveCfg = Release|Any CPU
		{58DB29FB-9903-4C3A-ADA5-B6D8C77098BA}.Release|Any CPU.Build.0 = Release|Any CPU
	EndGlobalSection
	GlobalSection(SolutionProperties) = preSolution
		HideSolutionNode = FALSE
	EndGlobalSection
	GlobalSection(ExtensibilityGlobals) = postSolution
		SolutionGuid = {2DB688D1-C757-4B4B-B8B9-41985F65695D}
	EndGlobalSection
EndGlobal
